
Microsoft Visual Studio Solution File, Format Version 11.00
# Visual Studio 2010
Project("{2150E333-8FDC-42A3-9474-1A3956D46DE8}") = "Solution Items", "Solution Items", "{D0D2CB2F-C630-4ABF-A298-3744D1CC44E6}"
	ProjectSection(SolutionItems) = preProject
		CommonAssemblyInfo.cs = CommonAssemblyInfo.cs
	EndProjectSection
EndProject
Project("{FAE04EC0-301F-11D3-BF4B-00C04F79EFBC}") = "DataServiceProvider", "DataServiceProvider\DataServiceProvider.csproj", "{6B6D1F18-EABE-4219-B86A-D18FB61C9DE0}"
EndProject
Project("{FAE04EC0-301F-11D3-BF4B-00C04F79EFBC}") = "Mongo.Context", "Mongo.Context\Mongo.Context.csproj", "{C9BD8098-E922-4F22-9BCC-223070F1CA39}"
EndProject
Project("{FAE04EC0-301F-11D3-BF4B-00C04F79EFBC}") = "Mongo.Context.Tests", "Mongo.Context.Tests\Mongo.Context.Tests.csproj", "{8C580647-C8E4-40A3-ACF3-E35387E08225}"
EndProject
Project("{FAE04EC0-301F-11D3-BF4B-00C04F79EFBC}") = "Mongo.DataService", "Mongo.DataService\Mongo.DataService.csproj", "{ECE470FB-5707-4CF7-AF81-B07A01E43EF8}"
EndProject
Global
	GlobalSection(SolutionConfigurationPlatforms) = preSolution
		Debug|Any CPU = Debug|Any CPU
		Release|Any CPU = Release|Any CPU
	EndGlobalSection
	GlobalSection(ProjectConfigurationPlatforms) = postSolution
		{6B6D1F18-EABE-4219-B86A-D18FB61C9DE0}.Debug|Any CPU.ActiveCfg = Debug|Any CPU
		{6B6D1F18-EABE-4219-B86A-D18FB61C9DE0}.Debug|Any CPU.Build.0 = Debug|Any CPU
		{6B6D1F18-EABE-4219-B86A-D18FB61C9DE0}.Release|Any CPU.ActiveCfg = Release|Any CPU
		{6B6D1F18-EABE-4219-B86A-D18FB61C9DE0}.Release|Any CPU.Build.0 = Release|Any CPU
		{C9BD8098-E922-4F22-9BCC-223070F1CA39}.Debug|Any CPU.ActiveCfg = Debug|Any CPU
		{C9BD8098-E922-4F22-9BCC-223070F1CA39}.Debug|Any CPU.Build.0 = Debug|Any CPU
		{C9BD8098-E922-4F22-9BCC-223070F1CA39}.Release|Any CPU.ActiveCfg = Release|Any CPU
		{C9BD8098-E922-4F22-9BCC-223070F1CA39}.Release|Any CPU.Build.0 = Release|Any CPU
		{8C580647-C8E4-40A3-ACF3-E35387E08225}.Debug|Any CPU.ActiveCfg = Debug|Any CPU
		{8C580647-C8E4-40A3-ACF3-E35387E08225}.Debug|Any CPU.Build.0 = Debug|Any CPU
		{8C580647-C8E4-40A3-ACF3-E35387E08225}.Release|Any CPU.ActiveCfg = Release|Any CPU
		{8C580647-C8E4-40A3-ACF3-E35387E08225}.Release|Any CPU.Build.0 = Release|Any CPU
		{ECE470FB-5707-4CF7-AF81-B07A01E43EF8}.Debug|Any CPU.ActiveCfg = Debug|Any CPU
		{ECE470FB-5707-4CF7-AF81-B07A01E43EF8}.Debug|Any CPU.Build.0 = Debug|Any CPU
		{ECE470FB-5707-4CF7-AF81-B07A01E43EF8}.Release|Any CPU.ActiveCfg = Release|Any CPU
		{ECE470FB-5707-4CF7-AF81-B07A01E43EF8}.Release|Any CPU.Build.0 = Release|Any CPU
	EndGlobalSection
	GlobalSection(SolutionProperties) = preSolution
		HideSolutionNode = FALSE
	EndGlobalSection
EndGlobal
