
Microsoft Visual Studio Solution File, Format Version 11.00
# Visual Studio 2010
Project("{FAE04EC0-301F-11D3-BF4B-00C04F79EFBC}") = "SampleService", "Samples\SampleService\SampleService.csproj", "{ABF2B77A-BBC4-4757-8ACD-7725EC6AEA73}"
EndProject
Project("{FAE04EC0-301F-11D3-BF4B-00C04F79EFBC}") = "CreateSampleData", "Samples\CreateSampleData\CreateSampleData.csproj", "{B633439C-41D5-454A-95E8-39519324EBD2}"
EndProject
Project("{FAE04EC0-301F-11D3-BF4B-00C04F79EFBC}") = "SampleWcfDataServiceClient", "Samples\SampleWcfDataServiceClient\SampleWcfDataServiceClient.csproj", "{52BB7E2D-56C2-4E49-BBD9-7A9F46C360B9}"
EndProject
Project("{FAE04EC0-301F-11D3-BF4B-00C04F79EFBC}") = "SampleDynamicClient", "Samples\SampleDynamicClient\SampleDynamicClient.csproj", "{25D12D94-0E70-4C41-A351-972936521698}"
EndProject
Global
	GlobalSection(SolutionConfigurationPlatforms) = preSolution
		Debug|Any CPU = Debug|Any CPU
		Debug|Mixed Platforms = Debug|Mixed Platforms
		Debug|x86 = Debug|x86
		Release|Any CPU = Release|Any CPU
		Release|Mixed Platforms = Release|Mixed Platforms
		Release|x86 = Release|x86
	EndGlobalSection
	GlobalSection(ProjectConfigurationPlatforms) = postSolution
		{ABF2B77A-BBC4-4757-8ACD-7725EC6AEA73}.Debug|Any CPU.ActiveCfg = Debug|Any CPU
		{ABF2B77A-BBC4-4757-8ACD-7725EC6AEA73}.Debug|Any CPU.Build.0 = Debug|Any CPU
		{ABF2B77A-BBC4-4757-8ACD-7725EC6AEA73}.Debug|Mixed Platforms.ActiveCfg = Debug|Any CPU
		{ABF2B77A-BBC4-4757-8ACD-7725EC6AEA73}.Debug|Mixed Platforms.Build.0 = Debug|Any CPU
		{ABF2B77A-BBC4-4757-8ACD-7725EC6AEA73}.Debug|x86.ActiveCfg = Debug|Any CPU
		{ABF2B77A-BBC4-4757-8ACD-7725EC6AEA73}.Release|Any CPU.ActiveCfg = Release|Any CPU
		{ABF2B77A-BBC4-4757-8ACD-7725EC6AEA73}.Release|Any CPU.Build.0 = Release|Any CPU
		{ABF2B77A-BBC4-4757-8ACD-7725EC6AEA73}.Release|Mixed Platforms.ActiveCfg = Release|Any CPU
		{ABF2B77A-BBC4-4757-8ACD-7725EC6AEA73}.Release|Mixed Platforms.Build.0 = Release|Any CPU
		{ABF2B77A-BBC4-4757-8ACD-7725EC6AEA73}.Release|x86.ActiveCfg = Release|Any CPU
		{B633439C-41D5-454A-95E8-39519324EBD2}.Debug|Any CPU.ActiveCfg = Debug|x86
		{B633439C-41D5-454A-95E8-39519324EBD2}.Debug|Mixed Platforms.ActiveCfg = Debug|x86
		{B633439C-41D5-454A-95E8-39519324EBD2}.Debug|Mixed Platforms.Build.0 = Debug|x86
		{B633439C-41D5-454A-95E8-39519324EBD2}.Debug|x86.ActiveCfg = Debug|x86
		{B633439C-41D5-454A-95E8-39519324EBD2}.Debug|x86.Build.0 = Debug|x86
		{B633439C-41D5-454A-95E8-39519324EBD2}.Release|Any CPU.ActiveCfg = Release|x86
		{B633439C-41D5-454A-95E8-39519324EBD2}.Release|Mixed Platforms.ActiveCfg = Release|x86
		{B633439C-41D5-454A-95E8-39519324EBD2}.Release|Mixed Platforms.Build.0 = Release|x86
		{B633439C-41D5-454A-95E8-39519324EBD2}.Release|x86.ActiveCfg = Release|x86
		{B633439C-41D5-454A-95E8-39519324EBD2}.Release|x86.Build.0 = Release|x86
		{52BB7E2D-56C2-4E49-BBD9-7A9F46C360B9}.Debug|Any CPU.ActiveCfg = Debug|x86
		{52BB7E2D-56C2-4E49-BBD9-7A9F46C360B9}.Debug|Mixed Platforms.ActiveCfg = Debug|x86
		{52BB7E2D-56C2-4E49-BBD9-7A9F46C360B9}.Debug|Mixed Platforms.Build.0 = Debug|x86
		{52BB7E2D-56C2-4E49-BBD9-7A9F46C360B9}.Debug|x86.ActiveCfg = Debug|x86
		{52BB7E2D-56C2-4E49-BBD9-7A9F46C360B9}.Debug|x86.Build.0 = Debug|x86
		{52BB7E2D-56C2-4E49-BBD9-7A9F46C360B9}.Release|Any CPU.ActiveCfg = Release|x86
		{52BB7E2D-56C2-4E49-BBD9-7A9F46C360B9}.Release|Mixed Platforms.ActiveCfg = Release|x86
		{52BB7E2D-56C2-4E49-BBD9-7A9F46C360B9}.Release|Mixed Platforms.Build.0 = Release|x86
		{52BB7E2D-56C2-4E49-BBD9-7A9F46C360B9}.Release|x86.ActiveCfg = Release|x86
		{52BB7E2D-56C2-4E49-BBD9-7A9F46C360B9}.Release|x86.Build.0 = Release|x86
		{25D12D94-0E70-4C41-A351-972936521698}.Debug|Any CPU.ActiveCfg = Debug|x86
		{25D12D94-0E70-4C41-A351-972936521698}.Debug|Mixed Platforms.ActiveCfg = Debug|x86
		{25D12D94-0E70-4C41-A351-972936521698}.Debug|Mixed Platforms.Build.0 = Debug|x86
		{25D12D94-0E70-4C41-A351-972936521698}.Debug|x86.ActiveCfg = Debug|x86
		{25D12D94-0E70-4C41-A351-972936521698}.Debug|x86.Build.0 = Debug|x86
		{25D12D94-0E70-4C41-A351-972936521698}.Release|Any CPU.ActiveCfg = Release|x86
		{25D12D94-0E70-4C41-A351-972936521698}.Release|Mixed Platforms.ActiveCfg = Release|x86
		{25D12D94-0E70-4C41-A351-972936521698}.Release|Mixed Platforms.Build.0 = Release|x86
		{25D12D94-0E70-4C41-A351-972936521698}.Release|x86.ActiveCfg = Release|x86
		{25D12D94-0E70-4C41-A351-972936521698}.Release|x86.Build.0 = Release|x86
	EndGlobalSection
	GlobalSection(SolutionProperties) = preSolution
		HideSolutionNode = FALSE
	EndGlobalSection
EndGlobal
